
Microsoft Visual Studio Solution File, Format Version 12.00
# Visual Studio Version 17
VisualStudioVersion = 17.0.32014.148
MinimumVisualStudioVersion = 10.0.40219.1
Project("{FAE04EC0-301F-11D3-BF4B-00C04F79EFBC}") = "DrawShapesWithInheritance", "DrawShapesWithInheritance\DrawShapesWithInheritance.csproj", "{E64D00BA-4FA1-4CDC-9EDF-A5D303C9BFB4}"
EndProject
Global
	GlobalSection(SolutionConfigurationPlatforms) = preSolution
		Debug|Any CPU = Debug|Any CPU
		Release|Any CPU = Release|Any CPU
	EndGlobalSection
	GlobalSection(ProjectConfigurationPlatforms) = postSolution
		{E64D00BA-4FA1-4CDC-9EDF-A5D303C9BFB4}.Debug|Any CPU.ActiveCfg = Debug|Any CPU
		{E64D00BA-4FA1-4CDC-9EDF-A5D303C9BFB4}.Debug|Any CPU.Build.0 = Debug|Any CPU
		{E64D00BA-4FA1-4CDC-9EDF-A5D303C9BFB4}.Release|Any CPU.ActiveCfg = Release|Any CPU
		{E64D00BA-4FA1-4CDC-9EDF-A5D303C9BFB4}.Release|Any CPU.Build.0 = Release|Any CPU
	EndGlobalSection
	GlobalSection(SolutionProperties) = preSolution
		HideSolutionNode = FALSE
	EndGlobalSection
	GlobalSection(ExtensibilityGlobals) = postSolution
		SolutionGuid = {C5B84A86-07EA-4F74-8932-E9F83178BD92}
	EndGlobalSection
EndGlobal
